<?xml version="1.0" encoding="utf-8"?>
<Project ToolsVersion="4.0" xmlns="http://schemas.microsoft.com/developer/msbuild/2003">
  <ItemGroup>
    <Filter Include="Source Files">
      <UniqueIdentifier>{4FC737F1-C7A5-4376-A066-2A32D752A2FF}</UniqueIdentifier>
      <Extensions>cpp;c;cc;cxx;c++;cppm;ixx;def;odl;idl;hpj;bat;asm;asmx</Extensions>
    </Filter>
    <Filter Include="Header Files">
      <UniqueIdentifier>{93995380-89BD-4b04-88EB-625FBE52EBFB}</UniqueIdentifier>
      <Extensions>h;hh;hpp;hxx;h++;hm;inl;inc;ipp;xsd</Extensions>
    </Filter>
    <Filter Include="Resource Files">
      <UniqueIdentifier>{67DA6AB6-F800-4c08-8B7A-83BB121AAD01}</UniqueIdentifier>
      <Extensions>rc;ico;cur;bmp;dlg;rc2;rct;bin;rgs;gif;jpg;jpeg;jpe;resx;tiff;tif;png;wav;mfcribbon-ms</Extensions>
    </Filter>
  </ItemGroup>
  <ItemGroup>
    <ClInclude Include="src\core\Core.h">
      <Filter>Header Files</Filter>
    </ClInclude>
    <ClInclude Include="src\core\model\Transform.h">
      <Filter>Header Files</Filter>
    </ClInclude>
    <ClInclude Include="src\core\geometry\VBO.h">
      <Filter>Header Files</Filter>
    </ClInclude>
    <ClInclude Include="src\core\geometry\VAO.h">
      <Filter>Header Files</Filter>
    </ClInclude>
    <ClInclude Include="src\core\geometry\EBO.h">
      <Filter>Header Files</Filter>
    </ClInclude>
    <ClInclude Include="src\core\geometry\AABB.h">
      <Filter>Header Files</Filter>
    </ClInclude>
    <ClInclude Include="src\core\textures\Texture.h">
      <Filter>Header Files</Filter>
    </ClInclude>
    <ClInclude Include="src\managers\ShaderManager.h">
      <Filter>Header Files</Filter>
    </ClInclude>
    <ClInclude Include="src\core\textures\Material.h">
      <Filter>Header Files</Filter>
    </ClInclude>
    <ClInclude Include="src\managers\AssimpGlmHelpers.h">
      <Filter>Header Files</Filter>
    </ClInclude>
    <ClInclude Include="src\managers\AssetsManager.h">
      <Filter>Header Files</Filter>
    </ClInclude>
    <ClInclude Include="src\core\model\Model.h">
      <Filter>Header Files</Filter>
    </ClInclude>
    <ClInclude Include="src\core\model\Mesh.h">
      <Filter>Header Files</Filter>
    </ClInclude>
    <ClInclude Include="src\core\shaders\Shader.h">
      <Filter>Header Files</Filter>
    </ClInclude>
    <ClInclude Include="src\tools\cameras\Camera.h">
      <Filter>Header Files</Filter>
    </ClInclude>
    <ClInclude Include="src\tools\cameras\EditorCamera.h">
      <Filter>Header Files</Filter>
    </ClInclude>
    <ClInclude Include="src\tools\cameras\GameCamera.h">
      <Filter>Header Files</Filter>
    </ClInclude>
    <ClInclude Include="src\tools\AssimpGlmHelpers.h">
      <Filter>Header Files</Filter>
    </ClInclude>
    <ClInclude Include="src\managers\ModelLoader.h">
      <Filter>Header Files</Filter>
    </ClInclude>
    <ClInclude Include="src\tools\ThumbnailGenerator.h">
      <Filter>Header Files</Filter>
    </ClInclude>
    <ClInclude Include="src\managers\EventManager.h">
      <Filter>Header Files</Filter>
    </ClInclude>
    <ClInclude Include="src\managers\FreeTypeManager.h">
      <Filter>Header Files</Filter>
    </ClInclude>
    <ClInclude Include="src\managers\LightsManager.hpp">
      <Filter>Header Files</Filter>
    </ClInclude>
    <ClInclude Include="src\managers\TextureLoader.h">
      <Filter>Header Files</Filter>
    </ClInclude>
    <ClInclude Include="src\managers\InputManager.h">
      <Filter>Header Files</Filter>
    </ClInclude>
    <ClInclude Include="src\tools\KeyCodes.h">
      <Filter>Header Files</Filter>
    </ClInclude>
    <ClInclude Include="src\tools\MouseButtonCodes.h">
      <Filter>Header Files</Filter>
    </ClInclude>
    <ClInclude Include="src\core\lights\Light.h">
      <Filter>Header Files</Filter>
    </ClInclude>
    <ClInclude Include="src\core\Engine.h">
      <Filter>Header Files</Filter>
    </ClInclude>
    <ClInclude Include="src\managers\WindowManager.h">
      <Filter>Header Files</Filter>
    </ClInclude>
    <ClInclude Include="src\tools\ConsoleLog.h">
      <Filter>Header Files</Filter>
    </ClInclude>
    <ClInclude Include="src\gui\GuiLayer.h">
      <Filter>Header Files</Filter>
    </ClInclude>
    <ClInclude Include="src\gui\GuiStyle.h">
      <Filter>Header Files</Filter>
    </ClInclude>
    <ClInclude Include="vendor\imgui\imconfig.h">
      <Filter>Header Files</Filter>
    </ClInclude>
    <ClInclude Include="vendor\imgui\imgui.h">
      <Filter>Header Files</Filter>
    </ClInclude>
    <ClInclude Include="vendor\imgui\imgui_impl_glfw.h">
      <Filter>Header Files</Filter>
    </ClInclude>
    <ClInclude Include="vendor\imgui\imgui_impl_opengl3.h">
      <Filter>Header Files</Filter>
    </ClInclude>
    <ClInclude Include="vendor\imgui\imgui_impl_opengl3_loader.h">
      <Filter>Header Files</Filter>
    </ClInclude>
    <ClInclude Include="vendor\imgui\imgui_internal.h">
      <Filter>Header Files</Filter>
    </ClInclude>
    <ClInclude Include="vendor\imgui\imstb_rectpack.h">
      <Filter>Header Files</Filter>
    </ClInclude>
    <ClInclude Include="vendor\imgui\imstb_textedit.h">
      <Filter>Header Files</Filter>
    </ClInclude>
    <ClInclude Include="vendor\imgui\imstb_truetype.h">
      <Filter>Header Files</Filter>
    </ClInclude>
    <ClInclude Include="src\gui\Panels\PanelBase.h">
      <Filter>Header Files</Filter>
    </ClInclude>
    <ClInclude Include="src\gui\Panels\EditorViewportPanel.h">
      <Filter>Header Files</Filter>
    </ClInclude>
    <ClInclude Include="src\gui\Panels\InspectorPanel.h">
      <Filter>Header Files</Filter>
    </ClInclude>
    <ClInclude Include="src\ecs\Components.h">
      <Filter>Header Files</Filter>
    </ClInclude>
    <ClInclude Include="src\managers\EntityManager.h">
      <Filter>Header Files</Filter>
    </ClInclude>
    <ClInclude Include="src\ecs\scripting\EntityManagerBridge.h">
      <Filter>Header Files</Filter>
    </ClInclude>
    <ClInclude Include="src\managers\LuaManager.h">
      <Filter>Header Files</Filter>
    </ClInclude>
    <ClInclude Include="src\ecs\scripting\ScriptComponent.h">
      <Filter>Header Files</Filter>
    </ClInclude>
    <ClInclude Include="src\managers\SerializatorManager.h">
      <Filter>Header Files</Filter>
    </ClInclude>
    <ClInclude Include="src\core\renderer\FBO.hpp">
      <Filter>Header Files</Filter>
    </ClInclude>
    <ClInclude Include="src\core\renderer\GBO.hpp">
      <Filter>Header Files</Filter>
    </ClInclude>
    <ClInclude Include="src\managers\ViewportManager.hpp">
      <Filter>Header Files</Filter>
    </ClInclude>
    <ClInclude Include="src\core\Timestep.h">
      <Filter>Header Files</Filter>
    </ClInclude>
    <ClInclude Include="src\core\UUID.h">
      <Filter>Header Files</Filter>
    </ClInclude>
    <ClInclude Include="src\core\renderer\Viewport.h">
      <Filter>Header Files</Filter>
    </ClInclude>
    <ClInclude Include="src\gui\Panels\FrameBuffersPreviewPanel.h">
      <Filter>Header Files</Filter>
    </ClInclude>
    <ClInclude Include="src\core\renderer\DynamicSkybox.h">
      <Filter>Header Files</Filter>
    </ClInclude>
    <ClInclude Include="src\core\renderer\IBL.h">
      <Filter>Header Files</Filter>
    </ClInclude>
    <ClInclude Include="src\tools\Itc_matrix_floats.hpp">
      <Filter>Header Files</Filter>
    </ClInclude>
    <ClInclude Include="src\gui\Panels\GlobalIluminationPanel.h">
      <Filter>Header Files</Filter>
    </ClInclude>
    <ClInclude Include="src\gui\Panels\EditorCameraPanel.h">
      <Filter>Header Files</Filter>
    </ClInclude>
    <ClInclude Include="src\gui\Panels\AssetsPanel.h">
      <Filter>Header Files</Filter>
    </ClInclude>
    <ClInclude Include="src\gui\Panels\ModelsPanel.h">
      <Filter>Header Files</Filter>
    </ClInclude>
    <ClInclude Include="src\gui\Panels\HierarchyPanel.h">
      <Filter>Header Files</Filter>
    </ClInclude>
    <ClInclude Include="src\gui\Panels\LogPanel.h">
      <Filter>Header Files</Filter>
    </ClInclude>
    <ClInclude Include="src\gui\Panels\MaterialsPanel.h">
      <Filter>Header Files</Filter>
    </ClInclude>
    <ClInclude Include="src\gui\Panels\TexturesPanel.h">
      <Filter>Header Files</Filter>
    </ClInclude>
    <ClInclude Include="src\scene\Scene.h">
      <Filter>Header Files</Filter>
    </ClInclude>
    <ClInclude Include="src\managers\SceneManager.h">
      <Filter>Header Files</Filter>
    </ClInclude>
    <ClInclude Include="src\gui\Panels\LuaPanel.h">
      <Filter>Header Files</Filter>
    </ClInclude>
    <ClInclude Include="vendor\imGizmo\ImGuizmo.h">
      <Filter>Header Files</Filter>
    </ClInclude>
    <ClInclude Include="src\core\lights\SunLight.h">
      <Filter>Header Files</Filter>
    </ClInclude>
    <ClInclude Include="src\gui\Panels\DynamicSkyboxPanel.h">
      <Filter>Header Files</Filter>
    </ClInclude>
    <ClInclude Include="src\managers\MainThreadTaskManager.h">
      <Filter>Header Files</Filter>
    </ClInclude>
    <ClInclude Include="src\gui\Panels\MeshesPanel.h">
      <Filter>Header Files</Filter>
    </ClInclude>
    <ClInclude Include="src\gui\PopupManager.h">
      <Filter>Header Files</Filter>
    </ClInclude>
    <ClInclude Include="src\gui\Panels\ScenePanel.h">
      <Filter>Header Files</Filter>
    </ClInclude>
    <ClInclude Include="src\managers\SceneHistoryManager.h">
      <Filter>Header Files</Filter>
    </ClInclude>
    <ClInclude Include="src\managers\BackgroundTaskManager.h">
      <Filter>Header Files</Filter>
    </ClInclude>
    <ClInclude Include="src\core\model\skeletal\bone.h">
      <Filter>Header Files</Filter>
    </ClInclude>
    <ClInclude Include="src\core\model\skeletal\animation.h">
      <Filter>Header Files</Filter>
    </ClInclude>
    <ClInclude Include="src\core\model\skeletal\animator.h">
      <Filter>Header Files</Filter>
    </ClInclude>
    <ClInclude Include="src\core\model\skeletal\AnimData.h">
      <Filter>Header Files</Filter>
    </ClInclude>
    <ClInclude Include="src\managers\SkeletalModelLoader.h">
      <Filter>Header Files</Filter>
    </ClInclude>
    <ClInclude Include="src\gui\Panels\GameViewportPanel.h">
      <Filter>Header Files</Filter>
    </ClInclude>
    <ClInclude Include="src\core\model\Billboard.h">
      <Filter>Header Files</Filter>
    </ClInclude>
    <ClInclude Include="src\core\renderer\Renderer.h">
      <Filter>Header Files</Filter>
    </ClInclude>
    <ClInclude Include="src\managers\TweenManager.h">
      <Filter>Header Files</Filter>
    </ClInclude>
    <ClInclude Include="src\gui\Panels\GridToolEditorPanel.h">
      <Filter>Header Files</Filter>
    </ClInclude>
    <ClInclude Include="src\managers\GridsManager.h">
      <Filter>Header Files</Filter>
    </ClInclude>
  </ItemGroup>
  <ItemGroup>
    <ClCompile Include="src\core\geometry\VBO.cpp">
      <Filter>Source Files</Filter>
    </ClCompile>
    <ClCompile Include="src\core\geometry\VAO.cpp">
      <Filter>Source Files</Filter>
    </ClCompile>
    <ClCompile Include="src\core\geometry\EBO.cpp">
      <Filter>Source Files</Filter>
    </ClCompile>
    <ClCompile Include="src\core\geometry\AABB.cpp">
      <Filter>Source Files</Filter>
    </ClCompile>
    <ClCompile Include="src\core\textures\Texture.cpp">
      <Filter>Source Files</Filter>
    </ClCompile>
    <ClCompile Include="src\managers\ShaderManager.cpp">
      <Filter>Source Files</Filter>
    </ClCompile>
    <ClCompile Include="src\core\textures\Material.cpp">
      <Filter>Source Files</Filter>
    </ClCompile>
    <ClCompile Include="src\managers\AssetsManager.cpp">
      <Filter>Source Files</Filter>
    </ClCompile>
    <ClCompile Include="src\core\model\Mesh.cpp">
      <Filter>Source Files</Filter>
    </ClCompile>
    <ClCompile Include="src\tools\cameras\Camera.cpp">
      <Filter>Source Files</Filter>
    </ClCompile>
    <ClCompile Include="src\tools\cameras\EditorCamera.cpp">
      <Filter>Source Files</Filter>
    </ClCompile>
    <ClCompile Include="src\managers\ModelLoader.cpp">
      <Filter>Source Files</Filter>
    </ClCompile>
    <ClCompile Include="src\tools\ThumbnailGenerator.cpp">
      <Filter>Source Files</Filter>
    </ClCompile>
    <ClCompile Include="src\managers\TextureLoader.cpp">
      <Filter>Source Files</Filter>
    </ClCompile>
    <ClCompile Include="src\managers\InputManager.cpp">
      <Filter>Source Files</Filter>
    </ClCompile>
    <ClCompile Include="src\core\lights\Light.cpp">
      <Filter>Source Files</Filter>
    </ClCompile>
    <ClCompile Include="src\core\Engine.cpp">
      <Filter>Source Files</Filter>
    </ClCompile>
    <ClCompile Include="vendor\glad\glad.c">
      <Filter>Source Files</Filter>
    </ClCompile>
    <ClCompile Include="src\gui\GuiLayer.cpp">
      <Filter>Source Files</Filter>
    </ClCompile>
    <ClCompile Include="src\gui\GuiStyle.cpp">
      <Filter>Source Files</Filter>
    </ClCompile>
    <ClCompile Include="vendor\imgui\imgui.cpp">
      <Filter>Source Files</Filter>
    </ClCompile>
    <ClCompile Include="vendor\imgui\imgui_demo.cpp">
      <Filter>Source Files</Filter>
    </ClCompile>
    <ClCompile Include="vendor\imgui\imgui_draw.cpp">
      <Filter>Source Files</Filter>
    </ClCompile>
    <ClCompile Include="vendor\imgui\imgui_impl_glfw.cpp">
      <Filter>Source Files</Filter>
    </ClCompile>
    <ClCompile Include="vendor\imgui\imgui_impl_opengl3.cpp">
      <Filter>Source Files</Filter>
    </ClCompile>
    <ClCompile Include="vendor\imgui\imgui_tables.cpp">
      <Filter>Source Files</Filter>
    </ClCompile>
    <ClCompile Include="vendor\imgui\imgui_widgets.cpp">
      <Filter>Source Files</Filter>
    </ClCompile>
    <ClCompile Include="src\managers\EntityManager.cpp">
      <Filter>Source Files</Filter>
    </ClCompile>
    <ClCompile Include="src\ecs\scripting\EntityManagerBridge.cpp">
      <Filter>Source Files</Filter>
    </ClCompile>
    <ClCompile Include="src\managers\LuaManager.cpp">
      <Filter>Source Files</Filter>
    </ClCompile>
    <ClCompile Include="src\scene\Scene.cpp">
      <Filter>Source Files</Filter>
    </ClCompile>
    <ClCompile Include="src\ecs\scripting\ScriptComponent.cpp">
      <Filter>Source Files</Filter>
    </ClCompile>
    <ClCompile Include="src\core\UUID.cpp">
      <Filter>Source Files</Filter>
    </ClCompile>
    <ClCompile Include="src\core\renderer\Viewport.cpp">
      <Filter>Source Files</Filter>
    </ClCompile>
    <ClCompile Include="src\core\renderer\IBL.cpp">
      <Filter>Source Files</Filter>
    </ClCompile>
    <ClCompile Include="src\managers\SceneManager.cpp">
      <Filter>Source Files</Filter>
    </ClCompile>
    <ClCompile Include="vendor\imGizmo\ImGuizmo.cpp">
      <Filter>Source Files</Filter>
    </ClCompile>
    <ClCompile Include="src\managers\SkeletalModelLoader.cpp">
      <Filter>Source Files</Filter>
    </ClCompile>
    <ClCompile Include="src\core\renderer\Renderer.cpp">
      <Filter>Source Files</Filter>
    </ClCompile>
    <ClCompile Include="src\managers\TweenManager.cpp">
      <Filter>Source Files</Filter>
    </ClCompile>
  </ItemGroup>
  <ItemGroup>
    <None Include="src\managers\EntityManager.inl">
      <Filter>Header Files</Filter>
    </None>
  </ItemGroup>
</Project>